{
  "name": "FORECAST365 - FERIA DE EMPRENDIMIENTO",
  "lockfileVersion": 3,
  "requires": true,
  "packages": {
    "": {
      "dependencies": {
        "raect": "^1.0.4",
        "react": "^19.2.6",
        "rect": "^1.2.1"
      }
    },
    "node_modules/raect": {
      "version": "1.0.4",
      "resolved": "https://registry.npmjs.org/raect/-/raect-1.0.4.tgz",
      "integrity": "sha512-qr0j0LPsi/+eyWlzyUiJWUyV6vuTIfEi230u1RmmiISe5uEoTNlp1rxgdq+xW2XxYtIv1RmZ/1GM+Ss5zDZIfA==",
      "license": "MIT"
    },
    "node_modules/react": {
      "version": "19.2.6",
      "resolved": "https://registry.npmjs.org/react/-/react-19.2.6.tgz",
      "integrity": "sha512-sfWGGfavi0xr8Pg0sVsyHMAOziVYKgPLNrS7ig+ivMNb3wbCBw3KxtflsGBAwD3gYQlE/AEZsTLgToRrSCjb0Q==",
      "license": "MIT",
      "engines": {
        "node": ">=0.10.0"
      }
    },
    "node_modules/rect": {
      "version": "1.2.1",
      "resolved": "https://registry.npmjs.org/rect/-/rect-1.2.1.tgz",
      "integrity": "sha512-bj9OPKC/DF5HNi65caukfM912J2uPiouZWIlo2FxC7qP5tkbrcRcC8d80NFeBpc1n5uHfh/DG8EushBy19xrRQ==",
      "license": "MIT"
    }
  }
}
